
Microsoft Visual Studio Solution File, Format Version 12.00
# Visual Studio 15
VisualStudioVersion = 15.0.27004.2002
MinimumVisualStudioVersion = 10.0.40219.1
Project("{FAE04EC0-301F-11D3-BF4B-00C04F79EFBC}") = "01. Extract Emails", "01. Extract Emails\01. Extract Emails.csproj", "{0BB55D41-39ED-4C4E-92AD-705FE0549261}"
EndProject
Project("{FAE04EC0-301F-11D3-BF4B-00C04F79EFBC}") = "02. Extract Sentences by Keyword", "02. Extract Sentences by Keyword\02. Extract Sentences by Keyword.csproj", "{4291C21F-2605-4B76-8ACD-5E745AC30A12}"
EndProject
Global
	GlobalSection(SolutionConfigurationPlatforms) = preSolution
		Debug|Any CPU = Debug|Any CPU
		Release|Any CPU = Release|Any CPU
	EndGlobalSection
	GlobalSection(ProjectConfigurationPlatforms) = postSolution
		{0BB55D41-39ED-4C4E-92AD-705FE0549261}.Debug|Any CPU.ActiveCfg = Debug|Any CPU
		{0BB55D41-39ED-4C4E-92AD-705FE0549261}.Debug|Any CPU.Build.0 = Debug|Any CPU
		{0BB55D41-39ED-4C4E-92AD-705FE0549261}.Release|Any CPU.ActiveCfg = Release|Any CPU
		{0BB55D41-39ED-4C4E-92AD-705FE0549261}.Release|Any CPU.Build.0 = Release|Any CPU
		{4291C21F-2605-4B76-8ACD-5E745AC30A12}.Debug|Any CPU.ActiveCfg = Debug|Any CPU
		{4291C21F-2605-4B76-8ACD-5E745AC30A12}.Debug|Any CPU.Build.0 = Debug|Any CPU
		{4291C21F-2605-4B76-8ACD-5E745AC30A12}.Release|Any CPU.ActiveCfg = Release|Any CPU
		{4291C21F-2605-4B76-8ACD-5E745AC30A12}.Release|Any CPU.Build.0 = Release|Any CPU
	EndGlobalSection
	GlobalSection(SolutionProperties) = preSolution
		HideSolutionNode = FALSE
	EndGlobalSection
	GlobalSection(ExtensibilityGlobals) = postSolution
		SolutionGuid = {24688AEF-22D3-48FC-A52B-F234735B8279}
	EndGlobalSection
EndGlobal
