
Microsoft Visual Studio Solution File, Format Version 12.00
# Visual Studio 15
VisualStudioVersion = 15.0.27004.2002
MinimumVisualStudioVersion = 10.0.40219.1
Project("{FAE04EC0-301F-11D3-BF4B-00C04F79EFBC}") = "01. Convert from base-10 to base-N", "..\Strings and Text Processing - Exercises\01. Convert from base-10 to base-N\01. Convert from base-10 to base-N.csproj", "{6F6EDF5E-F561-418B-868A-7EF78440A7BE}"
EndProject
Global
	GlobalSection(SolutionConfigurationPlatforms) = preSolution
		Debug|Any CPU = Debug|Any CPU
		Release|Any CPU = Release|Any CPU
	EndGlobalSection
	GlobalSection(ProjectConfigurationPlatforms) = postSolution
		{6F6EDF5E-F561-418B-868A-7EF78440A7BE}.Debug|Any CPU.ActiveCfg = Debug|Any CPU
		{6F6EDF5E-F561-418B-868A-7EF78440A7BE}.Debug|Any CPU.Build.0 = Debug|Any CPU
		{6F6EDF5E-F561-418B-868A-7EF78440A7BE}.Release|Any CPU.ActiveCfg = Release|Any CPU
		{6F6EDF5E-F561-418B-868A-7EF78440A7BE}.Release|Any CPU.Build.0 = Release|Any CPU
	EndGlobalSection
	GlobalSection(SolutionProperties) = preSolution
		HideSolutionNode = FALSE
	EndGlobalSection
	GlobalSection(ExtensibilityGlobals) = postSolution
		SolutionGuid = {82E3A948-7D9E-4346-B41A-A8740C484854}
	EndGlobalSection
EndGlobal
