
Microsoft Visual Studio Solution File, Format Version 12.00
# Visual Studio 14
VisualStudioVersion = 14.0.25123.0
MinimumVisualStudioVersion = 10.0.40219.1
Project("{FAE04EC0-301F-11D3-BF4B-00C04F79EFBC}") = "01. Choose a Drink", "01. Choose a Drink\01. Choose a Drink.csproj", "{A06E1BFB-20A3-47D9-A3CD-536D22E934DC}"
EndProject
Project("{FAE04EC0-301F-11D3-BF4B-00C04F79EFBC}") = "02. Choose a Drink 2.0", "02. Choose a Drink 2.0\02. Choose a Drink 2.0.csproj", "{44128610-16FE-4FE6-98BC-0BA78E778CAE}"
EndProject
Project("{FAE04EC0-301F-11D3-BF4B-00C04F79EFBC}") = "03. Restaurant Discount", "03. Restaurant Discount\03. Restaurant Discount.csproj", "{A55C9A54-17C8-49C4-8CC7-F50056B917A9}"
EndProject
Project("{FAE04EC0-301F-11D3-BF4B-00C04F79EFBC}") = "04. Hotel", "04. Hotel\04. Hotel.csproj", "{A851CD1A-0B5D-4B30-8041-B21D5DC769BF}"
EndProject
Project("{FAE04EC0-301F-11D3-BF4B-00C04F79EFBC}") = "05. Word in Plural", "05. Word in Plural\05. Word in Plural.csproj", "{0DD29D7E-13D5-4193-97CB-2160AE050C7E}"
EndProject
Project("{FAE04EC0-301F-11D3-BF4B-00C04F79EFBC}") = "06. Interval of Numbers", "06. Interval of Numbers\06. Interval of Numbers.csproj", "{6EB29960-D5DD-4E52-ABBB-DD3805CBCF9A}"
EndProject
Project("{FAE04EC0-301F-11D3-BF4B-00C04F79EFBC}") = "07. Cake Ingredients", "07. Cake Ingredients\07. Cake Ingredients.csproj", "{7F22E48B-AF27-4F46-A62D-651AB0B91B2A}"
EndProject
Project("{FAE04EC0-301F-11D3-BF4B-00C04F79EFBC}") = "08. Calories Counter", "08. Calories Counter\08. Calories Counter.csproj", "{DD8E9E64-042D-4D87-B684-CA4EEEF0908D}"
EndProject
Project("{FAE04EC0-301F-11D3-BF4B-00C04F79EFBC}") = "09. Count the Integers", "09. Count the Integers\09. Count the Integers.csproj", "{44FB6AE6-CB12-492E-B598-55A86B394DE8}"
EndProject
Project("{FAE04EC0-301F-11D3-BF4B-00C04F79EFBC}") = "10. Triangle of Numbers", "10. Triangle of Numbers\10. Triangle of Numbers.csproj", "{9804FD76-F0C0-469C-B91A-71678F7E6304}"
EndProject
Project("{FAE04EC0-301F-11D3-BF4B-00C04F79EFBC}") = "11. 5 Different Numbers", "11. 5 Different Numbers\11. 5 Different Numbers.csproj", "{55FAC63A-13A7-4CA2-BF01-2BFE4FB87DCE}"
EndProject
Project("{FAE04EC0-301F-11D3-BF4B-00C04F79EFBC}") = "12. Test Numbers", "12. Test Numbers\12. Test Numbers.csproj", "{D231DE3E-32A1-4005-AEFB-3211F6746306}"
EndProject
Project("{FAE04EC0-301F-11D3-BF4B-00C04F79EFBC}") = "13. Game of Numbers", "13. Game of Numbers\13. Game of Numbers.csproj", "{10AE7CDB-F911-415B-A64A-6155E1D32936}"
EndProject
Project("{FAE04EC0-301F-11D3-BF4B-00C04F79EFBC}") = "14. Magic Letter", "14. Magic Letter\14. Magic Letter.csproj", "{C466F99B-31E7-4ED6-89E8-9F8FE53B2217}"
EndProject
Global
	GlobalSection(SolutionConfigurationPlatforms) = preSolution
		Debug|Any CPU = Debug|Any CPU
		Release|Any CPU = Release|Any CPU
	EndGlobalSection
	GlobalSection(ProjectConfigurationPlatforms) = postSolution
		{A06E1BFB-20A3-47D9-A3CD-536D22E934DC}.Debug|Any CPU.ActiveCfg = Debug|Any CPU
		{A06E1BFB-20A3-47D9-A3CD-536D22E934DC}.Debug|Any CPU.Build.0 = Debug|Any CPU
		{A06E1BFB-20A3-47D9-A3CD-536D22E934DC}.Release|Any CPU.ActiveCfg = Release|Any CPU
		{A06E1BFB-20A3-47D9-A3CD-536D22E934DC}.Release|Any CPU.Build.0 = Release|Any CPU
		{44128610-16FE-4FE6-98BC-0BA78E778CAE}.Debug|Any CPU.ActiveCfg = Debug|Any CPU
		{44128610-16FE-4FE6-98BC-0BA78E778CAE}.Debug|Any CPU.Build.0 = Debug|Any CPU
		{44128610-16FE-4FE6-98BC-0BA78E778CAE}.Release|Any CPU.ActiveCfg = Release|Any CPU
		{44128610-16FE-4FE6-98BC-0BA78E778CAE}.Release|Any CPU.Build.0 = Release|Any CPU
		{A55C9A54-17C8-49C4-8CC7-F50056B917A9}.Debug|Any CPU.ActiveCfg = Debug|Any CPU
		{A55C9A54-17C8-49C4-8CC7-F50056B917A9}.Debug|Any CPU.Build.0 = Debug|Any CPU
		{A55C9A54-17C8-49C4-8CC7-F50056B917A9}.Release|Any CPU.ActiveCfg = Release|Any CPU
		{A55C9A54-17C8-49C4-8CC7-F50056B917A9}.Release|Any CPU.Build.0 = Release|Any CPU
		{A851CD1A-0B5D-4B30-8041-B21D5DC769BF}.Debug|Any CPU.ActiveCfg = Debug|Any CPU
		{A851CD1A-0B5D-4B30-8041-B21D5DC769BF}.Debug|Any CPU.Build.0 = Debug|Any CPU
		{A851CD1A-0B5D-4B30-8041-B21D5DC769BF}.Release|Any CPU.ActiveCfg = Release|Any CPU
		{A851CD1A-0B5D-4B30-8041-B21D5DC769BF}.Release|Any CPU.Build.0 = Release|Any CPU
		{0DD29D7E-13D5-4193-97CB-2160AE050C7E}.Debug|Any CPU.ActiveCfg = Debug|Any CPU
		{0DD29D7E-13D5-4193-97CB-2160AE050C7E}.Debug|Any CPU.Build.0 = Debug|Any CPU
		{0DD29D7E-13D5-4193-97CB-2160AE050C7E}.Release|Any CPU.ActiveCfg = Release|Any CPU
		{0DD29D7E-13D5-4193-97CB-2160AE050C7E}.Release|Any CPU.Build.0 = Release|Any CPU
		{6EB29960-D5DD-4E52-ABBB-DD3805CBCF9A}.Debug|Any CPU.ActiveCfg = Debug|Any CPU
		{6EB29960-D5DD-4E52-ABBB-DD3805CBCF9A}.Debug|Any CPU.Build.0 = Debug|Any CPU
		{6EB29960-D5DD-4E52-ABBB-DD3805CBCF9A}.Release|Any CPU.ActiveCfg = Release|Any CPU
		{6EB29960-D5DD-4E52-ABBB-DD3805CBCF9A}.Release|Any CPU.Build.0 = Release|Any CPU
		{7F22E48B-AF27-4F46-A62D-651AB0B91B2A}.Debug|Any CPU.ActiveCfg = Debug|Any CPU
		{7F22E48B-AF27-4F46-A62D-651AB0B91B2A}.Debug|Any CPU.Build.0 = Debug|Any CPU
		{7F22E48B-AF27-4F46-A62D-651AB0B91B2A}.Release|Any CPU.ActiveCfg = Release|Any CPU
		{7F22E48B-AF27-4F46-A62D-651AB0B91B2A}.Release|Any CPU.Build.0 = Release|Any CPU
		{DD8E9E64-042D-4D87-B684-CA4EEEF0908D}.Debug|Any CPU.ActiveCfg = Debug|Any CPU
		{DD8E9E64-042D-4D87-B684-CA4EEEF0908D}.Debug|Any CPU.Build.0 = Debug|Any CPU
		{DD8E9E64-042D-4D87-B684-CA4EEEF0908D}.Release|Any CPU.ActiveCfg = Release|Any CPU
		{DD8E9E64-042D-4D87-B684-CA4EEEF0908D}.Release|Any CPU.Build.0 = Release|Any CPU
		{44FB6AE6-CB12-492E-B598-55A86B394DE8}.Debug|Any CPU.ActiveCfg = Debug|Any CPU
		{44FB6AE6-CB12-492E-B598-55A86B394DE8}.Debug|Any CPU.Build.0 = Debug|Any CPU
		{44FB6AE6-CB12-492E-B598-55A86B394DE8}.Release|Any CPU.ActiveCfg = Release|Any CPU
		{44FB6AE6-CB12-492E-B598-55A86B394DE8}.Release|Any CPU.Build.0 = Release|Any CPU
		{9804FD76-F0C0-469C-B91A-71678F7E6304}.Debug|Any CPU.ActiveCfg = Debug|Any CPU
		{9804FD76-F0C0-469C-B91A-71678F7E6304}.Debug|Any CPU.Build.0 = Debug|Any CPU
		{9804FD76-F0C0-469C-B91A-71678F7E6304}.Release|Any CPU.ActiveCfg = Release|Any CPU
		{9804FD76-F0C0-469C-B91A-71678F7E6304}.Release|Any CPU.Build.0 = Release|Any CPU
		{55FAC63A-13A7-4CA2-BF01-2BFE4FB87DCE}.Debug|Any CPU.ActiveCfg = Debug|Any CPU
		{55FAC63A-13A7-4CA2-BF01-2BFE4FB87DCE}.Debug|Any CPU.Build.0 = Debug|Any CPU
		{55FAC63A-13A7-4CA2-BF01-2BFE4FB87DCE}.Release|Any CPU.ActiveCfg = Release|Any CPU
		{55FAC63A-13A7-4CA2-BF01-2BFE4FB87DCE}.Release|Any CPU.Build.0 = Release|Any CPU
		{D231DE3E-32A1-4005-AEFB-3211F6746306}.Debug|Any CPU.ActiveCfg = Debug|Any CPU
		{D231DE3E-32A1-4005-AEFB-3211F6746306}.Debug|Any CPU.Build.0 = Debug|Any CPU
		{D231DE3E-32A1-4005-AEFB-3211F6746306}.Release|Any CPU.ActiveCfg = Release|Any CPU
		{D231DE3E-32A1-4005-AEFB-3211F6746306}.Release|Any CPU.Build.0 = Release|Any CPU
		{10AE7CDB-F911-415B-A64A-6155E1D32936}.Debug|Any CPU.ActiveCfg = Debug|Any CPU
		{10AE7CDB-F911-415B-A64A-6155E1D32936}.Debug|Any CPU.Build.0 = Debug|Any CPU
		{10AE7CDB-F911-415B-A64A-6155E1D32936}.Release|Any CPU.ActiveCfg = Release|Any CPU
		{10AE7CDB-F911-415B-A64A-6155E1D32936}.Release|Any CPU.Build.0 = Release|Any CPU
		{C466F99B-31E7-4ED6-89E8-9F8FE53B2217}.Debug|Any CPU.ActiveCfg = Debug|Any CPU
		{C466F99B-31E7-4ED6-89E8-9F8FE53B2217}.Debug|Any CPU.Build.0 = Debug|Any CPU
		{C466F99B-31E7-4ED6-89E8-9F8FE53B2217}.Release|Any CPU.ActiveCfg = Release|Any CPU
		{C466F99B-31E7-4ED6-89E8-9F8FE53B2217}.Release|Any CPU.Build.0 = Release|Any CPU
	EndGlobalSection
	GlobalSection(SolutionProperties) = preSolution
		HideSolutionNode = FALSE
	EndGlobalSection
EndGlobal
